// !$*UTF8*$!
{
	archiveVersion = 1;
	classes = {
	};
	objectVersion = 50;
	objects = {

/* Begin PBXBuildFile section */
		26083DEF2211DA8300F182E0 /* DroneEvent.swift in Sources */ = {isa = PBXBuildFile; fileRef = 26083DEE2211DA8300F182E0 /* DroneEvent.swift */; };
		2631A6A1221E054800F1E049 /* Configuration.swift in Sources */ = {isa = PBXBuildFile; fileRef = 2631A6A0221E054800F1E049 /* Configuration.swift */; };
		263BDBEB2214ADA6001F41FD /* DroneDetection.swift in Sources */ = {isa = PBXBuildFile; fileRef = 263BDBEA2214ADA6001F41FD /* DroneDetection.swift */; };
		26581B65221189AB006F03CA /* SocketIOManager.swift in Sources */ = {isa = PBXBuildFile; fileRef = 26581B64221189AB006F03CA /* SocketIOManager.swift */; };
		266BBEBC221DC860004D8A3E /* GPUImage.framework in Frameworks */ = {isa = PBXBuildFile; fileRef = 266BBEB9221DC855004D8A3E /* GPUImage.framework */; };
		266BBEBD221DC867004D8A3E /* GPUImage.framework in CopyFiles */ = {isa = PBXBuildFile; fileRef = 266BBEB9221DC855004D8A3E /* GPUImage.framework */; settings = {ATTRIBUTES = (CodeSignOnCopy, RemoveHeadersOnCopy, ); }; };
		26732D1522101BB200931D41 /* AppDelegate.swift in Sources */ = {isa = PBXBuildFile; fileRef = 26732D1422101BB200931D41 /* AppDelegate.swift */; };
		26732D1722101BB200931D41 /* ConnectionViewController.swift in Sources */ = {isa = PBXBuildFile; fileRef = 26732D1622101BB200931D41 /* ConnectionViewController.swift */; };
		26732D1A22101BB200931D41 /* Main.storyboard in Resources */ = {isa = PBXBuildFile; fileRef = 26732D1822101BB200931D41 /* Main.storyboard */; };
		26732D1C22101BB400931D41 /* Assets.xcassets in Resources */ = {isa = PBXBuildFile; fileRef = 26732D1B22101BB400931D41 /* Assets.xcassets */; };
		26732D1F22101BB400931D41 /* LaunchScreen.storyboard in Resources */ = {isa = PBXBuildFile; fileRef = 26732D1D22101BB400931D41 /* LaunchScreen.storyboard */; };
		26732D2722101DD000931D41 /* TestingViewController.swift in Sources */ = {isa = PBXBuildFile; fileRef = 26732D2622101DD000931D41 /* TestingViewController.swift */; };
		26732D3422101E2F00931D41 /* CGPoints+Extensions.swift in Sources */ = {isa = PBXBuildFile; fileRef = 26732D2922101E2E00931D41 /* CGPoints+Extensions.swift */; };
		26732D3522101E2F00931D41 /* CGPath.swift in Sources */ = {isa = PBXBuildFile; fileRef = 26732D2A22101E2E00931D41 /* CGPath.swift */; };
		26732D3622101E2F00931D41 /* DirectionSequence.swift in Sources */ = {isa = PBXBuildFile; fileRef = 26732D2C22101E2F00931D41 /* DirectionSequence.swift */; };
		26732D3722101E2F00931D41 /* ProductCommunicationManager.swift in Sources */ = {isa = PBXBuildFile; fileRef = 26732D2D22101E2F00931D41 /* ProductCommunicationManager.swift */; };
		26732D3822101E2F00931D41 /* GimbalManager.swift in Sources */ = {isa = PBXBuildFile; fileRef = 26732D2E22101E2F00931D41 /* GimbalManager.swift */; };
		26732D3922101E2F00931D41 /* MovementManager.swift in Sources */ = {isa = PBXBuildFile; fileRef = 26732D2F22101E2F00931D41 /* MovementManager.swift */; };
		26732D3A22101E2F00931D41 /* Movement.swift in Sources */ = {isa = PBXBuildFile; fileRef = 26732D3122101E2F00931D41 /* Movement.swift */; };
		26732D3B22101E2F00931D41 /* GimbalDirection.swift in Sources */ = {isa = PBXBuildFile; fileRef = 26732D3222101E2F00931D41 /* GimbalDirection.swift */; };
		26732D3C22101E2F00931D41 /* Action.swift in Sources */ = {isa = PBXBuildFile; fileRef = 26732D3322101E2F00931D41 /* Action.swift */; };
		268BFA4F22101EBE00C98CC3 /* parcours.json in Resources */ = {isa = PBXBuildFile; fileRef = 268BFA4E22101EBE00C98CC3 /* parcours.json */; };
		268BFA5122101F1600C98CC3 /* Parcours.swift in Sources */ = {isa = PBXBuildFile; fileRef = 268BFA5022101F1600C98CC3 /* Parcours.swift */; };
		268BFA5322101F6700C98CC3 /* ParcoursManager.swift in Sources */ = {isa = PBXBuildFile; fileRef = 268BFA5222101F6700C98CC3 /* ParcoursManager.swift */; };
		268BFA59221055CE00C98CC3 /* parcours2.json in Resources */ = {isa = PBXBuildFile; fileRef = 268BFA54221055CD00C98CC3 /* parcours2.json */; };
		268BFA5A221055CE00C98CC3 /* parcours5.json in Resources */ = {isa = PBXBuildFile; fileRef = 268BFA55221055CD00C98CC3 /* parcours5.json */; };
		268BFA5B221055CE00C98CC3 /* parcours4.json in Resources */ = {isa = PBXBuildFile; fileRef = 268BFA56221055CD00C98CC3 /* parcours4.json */; };
		268BFA5C221055CE00C98CC3 /* parcours1.json in Resources */ = {isa = PBXBuildFile; fileRef = 268BFA57221055CD00C98CC3 /* parcours1.json */; };
		268BFA5D221055CE00C98CC3 /* parcours3.json in Resources */ = {isa = PBXBuildFile; fileRef = 268BFA58221055CE00C98CC3 /* parcours3.json */; };
		26918811221AB5E90038C2D3 /* EventViewController.swift in Sources */ = {isa = PBXBuildFile; fileRef = 26918810221AB5E90038C2D3 /* EventViewController.swift */; };
		549441B603C3EF9725C69DB1 /* Pods_SparkDronie.framework in Frameworks */ = {isa = PBXBuildFile; fileRef = 918C45A981104CBC23A764FB /* Pods_SparkDronie.framework */; };
		67338ECD221B3669002D6D9C /* parcours6.json in Resources */ = {isa = PBXBuildFile; fileRef = 67338ECC221B3669002D6D9C /* parcours6.json */; };
		67338ECF221B448C002D6D9C /* parcours7.json in Resources */ = {isa = PBXBuildFile; fileRef = 67338ECE221B448C002D6D9C /* parcours7.json */; };
		6763AC242212F36000FE7FF4 /* TrackerProcessor.swift in Sources */ = {isa = PBXBuildFile; fileRef = 6763AC232212F36000FE7FF4 /* TrackerProcessor.swift */; };
		6763AC282213472E00FE7FF4 /* TrackingView.swift in Sources */ = {isa = PBXBuildFile; fileRef = 6763AC272213472E00FE7FF4 /* TrackingView.swift */; };
		6763AC2A2213482200FE7FF4 /* CameraViewController.swift in Sources */ = {isa = PBXBuildFile; fileRef = 6763AC292213482200FE7FF4 /* CameraViewController.swift */; };
/* End PBXBuildFile section */

/* Begin PBXContainerItemProxy section */
		266BBEB4221DC855004D8A3E /* PBXContainerItemProxy */ = {
			isa = PBXContainerItemProxy;
			containerPortal = 266BBEAD221DC855004D8A3E /* GPUImage.xcodeproj */;
			proxyType = 2;
			remoteGlobalIDString = BC6E7CAB1C39A9D8006DF678;
			remoteInfo = GPUImage_macOS;
		};
		266BBEB6221DC855004D8A3E /* PBXContainerItemProxy */ = {
			isa = PBXContainerItemProxy;
			containerPortal = 266BBEAD221DC855004D8A3E /* GPUImage.xcodeproj */;
			proxyType = 2;
			remoteGlobalIDString = BC6E7CB51C39A9D8006DF678;
			remoteInfo = GPUImageTests_macOS;
		};
		266BBEB8221DC855004D8A3E /* PBXContainerItemProxy */ = {
			isa = PBXContainerItemProxy;
			containerPortal = 266BBEAD221DC855004D8A3E /* GPUImage.xcodeproj */;
			proxyType = 2;
			remoteGlobalIDString = BC9E34E91E524A2200B8604F;
			remoteInfo = GPUImage_iOS;
		};
		266BBEBA221DC855004D8A3E /* PBXContainerItemProxy */ = {
			isa = PBXContainerItemProxy;
			containerPortal = 266BBEAD221DC855004D8A3E /* GPUImage.xcodeproj */;
			proxyType = 2;
			remoteGlobalIDString = BC9E34F11E524A2200B8604F;
			remoteInfo = GPUImageTests_iOS;
		};
		266BBEBE221DC86E004D8A3E /* PBXContainerItemProxy */ = {
			isa = PBXContainerItemProxy;
			containerPortal = 266BBEAD221DC855004D8A3E /* GPUImage.xcodeproj */;
			proxyType = 1;
			remoteGlobalIDString = BC9E34E81E524A2200B8604F;
			remoteInfo = GPUImage_iOS;
		};
/* End PBXContainerItemProxy section */

/* Begin PBXCopyFilesBuildPhase section */
		26F1DE85221DC3B500A931EE /* CopyFiles */ = {
			isa = PBXCopyFilesBuildPhase;
			buildActionMask = 2147483647;
			dstPath = "";
			dstSubfolderSpec = 10;
			files = (
				266BBEBD221DC867004D8A3E /* GPUImage.framework in CopyFiles */,
			);
			runOnlyForDeploymentPostprocessing = 0;
		};
/* End PBXCopyFilesBuildPhase section */

/* Begin PBXFileReference section */
		26083DEE2211DA8300F182E0 /* DroneEvent.swift */ = {isa = PBXFileReference; lastKnownFileType = sourcecode.swift; path = DroneEvent.swift; sourceTree = "<group>"; };
		2631A6A0221E054800F1E049 /* Configuration.swift */ = {isa = PBXFileReference; lastKnownFileType = sourcecode.swift; path = Configuration.swift; sourceTree = "<group>"; };
		263BDBEA2214ADA6001F41FD /* DroneDetection.swift */ = {isa = PBXFileReference; lastKnownFileType = sourcecode.swift; path = DroneDetection.swift; sourceTree = "<group>"; };
		26581B64221189AB006F03CA /* SocketIOManager.swift */ = {isa = PBXFileReference; lastKnownFileType = sourcecode.swift; path = SocketIOManager.swift; sourceTree = "<group>"; };
		266BBEAD221DC855004D8A3E /* GPUImage.xcodeproj */ = {isa = PBXFileReference; lastKnownFileType = "wrapper.pb-project"; name = GPUImage.xcodeproj; path = "../../../Downloads/GPUImage2-master 2/framework/GPUImage.xcodeproj"; sourceTree = "<group>"; };
		26732D1122101BB200931D41 /* SparkDronie.app */ = {isa = PBXFileReference; explicitFileType = wrapper.application; includeInIndex = 0; path = SparkDronie.app; sourceTree = BUILT_PRODUCTS_DIR; };
		26732D1422101BB200931D41 /* AppDelegate.swift */ = {isa = PBXFileReference; lastKnownFileType = sourcecode.swift; path = AppDelegate.swift; sourceTree = "<group>"; };
		26732D1622101BB200931D41 /* ConnectionViewController.swift */ = {isa = PBXFileReference; lastKnownFileType = sourcecode.swift; path = ConnectionViewController.swift; sourceTree = "<group>"; };
		26732D1922101BB200931D41 /* Base */ = {isa = PBXFileReference; lastKnownFileType = file.storyboard; name = Base; path = Base.lproj/Main.storyboard; sourceTree = "<group>"; };
		26732D1B22101BB400931D41 /* Assets.xcassets */ = {isa = PBXFileReference; lastKnownFileType = folder.assetcatalog; path = Assets.xcassets; sourceTree = "<group>"; };
		26732D1E22101BB400931D41 /* Base */ = {isa = PBXFileReference; lastKnownFileType = file.storyboard; name = Base; path = Base.lproj/LaunchScreen.storyboard; sourceTree = "<group>"; };
		26732D2022101BB400931D41 /* Info.plist */ = {isa = PBXFileReference; lastKnownFileType = text.plist.xml; path = Info.plist; sourceTree = "<group>"; };
		26732D2622101DD000931D41 /* TestingViewController.swift */ = {isa = PBXFileReference; lastKnownFileType = sourcecode.swift; path = TestingViewController.swift; sourceTree = "<group>"; };
		26732D2922101E2E00931D41 /* CGPoints+Extensions.swift */ = {isa = PBXFileReference; fileEncoding = 4; lastKnownFileType = sourcecode.swift; path = "CGPoints+Extensions.swift"; sourceTree = "<group>"; };
		26732D2A22101E2E00931D41 /* CGPath.swift */ = {isa = PBXFileReference; fileEncoding = 4; lastKnownFileType = sourcecode.swift; path = CGPath.swift; sourceTree = "<group>"; };
		26732D2C22101E2F00931D41 /* DirectionSequence.swift */ = {isa = PBXFileReference; fileEncoding = 4; lastKnownFileType = sourcecode.swift; path = DirectionSequence.swift; sourceTree = "<group>"; };
		26732D2D22101E2F00931D41 /* ProductCommunicationManager.swift */ = {isa = PBXFileReference; fileEncoding = 4; lastKnownFileType = sourcecode.swift; path = ProductCommunicationManager.swift; sourceTree = "<group>"; };
		26732D2E22101E2F00931D41 /* GimbalManager.swift */ = {isa = PBXFileReference; fileEncoding = 4; lastKnownFileType = sourcecode.swift; path = GimbalManager.swift; sourceTree = "<group>"; };
		26732D2F22101E2F00931D41 /* MovementManager.swift */ = {isa = PBXFileReference; fileEncoding = 4; lastKnownFileType = sourcecode.swift; path = MovementManager.swift; sourceTree = "<group>"; };
		26732D3122101E2F00931D41 /* Movement.swift */ = {isa = PBXFileReference; fileEncoding = 4; lastKnownFileType = sourcecode.swift; path = Movement.swift; sourceTree = "<group>"; };
		26732D3222101E2F00931D41 /* GimbalDirection.swift */ = {isa = PBXFileReference; fileEncoding = 4; lastKnownFileType = sourcecode.swift; path = GimbalDirection.swift; sourceTree = "<group>"; };
		26732D3322101E2F00931D41 /* Action.swift */ = {isa = PBXFileReference; fileEncoding = 4; lastKnownFileType = sourcecode.swift; path = Action.swift; sourceTree = "<group>"; };
		268BFA4E22101EBE00C98CC3 /* parcours.json */ = {isa = PBXFileReference; fileEncoding = 4; lastKnownFileType = text.json; path = parcours.json; sourceTree = "<group>"; };
		268BFA5022101F1600C98CC3 /* Parcours.swift */ = {isa = PBXFileReference; lastKnownFileType = sourcecode.swift; path = Parcours.swift; sourceTree = "<group>"; };
		268BFA5222101F6700C98CC3 /* ParcoursManager.swift */ = {isa = PBXFileReference; lastKnownFileType = sourcecode.swift; path = ParcoursManager.swift; sourceTree = "<group>"; };
		268BFA54221055CD00C98CC3 /* parcours2.json */ = {isa = PBXFileReference; fileEncoding = 4; lastKnownFileType = text.json; path = parcours2.json; sourceTree = "<group>"; };
		268BFA55221055CD00C98CC3 /* parcours5.json */ = {isa = PBXFileReference; fileEncoding = 4; lastKnownFileType = text.json; path = parcours5.json; sourceTree = "<group>"; };
		268BFA56221055CD00C98CC3 /* parcours4.json */ = {isa = PBXFileReference; fileEncoding = 4; lastKnownFileType = text.json; path = parcours4.json; sourceTree = "<group>"; };
		268BFA57221055CD00C98CC3 /* parcours1.json */ = {isa = PBXFileReference; fileEncoding = 4; lastKnownFileType = text.json; path = parcours1.json; sourceTree = "<group>"; };
		268BFA58221055CE00C98CC3 /* parcours3.json */ = {isa = PBXFileReference; fileEncoding = 4; lastKnownFileType = text.json; path = parcours3.json; sourceTree = "<group>"; };
		26918810221AB5E90038C2D3 /* EventViewController.swift */ = {isa = PBXFileReference; lastKnownFileType = sourcecode.swift; path = EventViewController.swift; sourceTree = "<group>"; };
		34E77EC946FEE54E1BA08028 /* Pods-SparkDronie.debug.xcconfig */ = {isa = PBXFileReference; includeInIndex = 1; lastKnownFileType = text.xcconfig; name = "Pods-SparkDronie.debug.xcconfig"; path = "Pods/Target Support Files/Pods-SparkDronie/Pods-SparkDronie.debug.xcconfig"; sourceTree = "<group>"; };
		54E2ADD9C3A746082C93296A /* Pods-SparkDronie.release.xcconfig */ = {isa = PBXFileReference; includeInIndex = 1; lastKnownFileType = text.xcconfig; name = "Pods-SparkDronie.release.xcconfig"; path = "Pods/Target Support Files/Pods-SparkDronie/Pods-SparkDronie.release.xcconfig"; sourceTree = "<group>"; };
		67338ECC221B3669002D6D9C /* parcours6.json */ = {isa = PBXFileReference; fileEncoding = 4; lastKnownFileType = text.json; path = parcours6.json; sourceTree = "<group>"; };
		67338ECE221B448C002D6D9C /* parcours7.json */ = {isa = PBXFileReference; fileEncoding = 4; lastKnownFileType = text.json; path = parcours7.json; sourceTree = "<group>"; };
		6763AC232212F36000FE7FF4 /* TrackerProcessor.swift */ = {isa = PBXFileReference; lastKnownFileType = sourcecode.swift; path = TrackerProcessor.swift; sourceTree = "<group>"; };
		6763AC272213472E00FE7FF4 /* TrackingView.swift */ = {isa = PBXFileReference; fileEncoding = 4; lastKnownFileType = sourcecode.swift; path = TrackingView.swift; sourceTree = "<group>"; };
		6763AC292213482200FE7FF4 /* CameraViewController.swift */ = {isa = PBXFileReference; lastKnownFileType = sourcecode.swift; path = CameraViewController.swift; sourceTree = "<group>"; };
		918C45A981104CBC23A764FB /* Pods_SparkDronie.framework */ = {isa = PBXFileReference; explicitFileType = wrapper.framework; includeInIndex = 0; path = Pods_SparkDronie.framework; sourceTree = BUILT_PRODUCTS_DIR; };
		D751C40E1AAEF8A27DDD923C /* Pods-SparkDronie.debug.xcconfig */ = {isa = PBXFileReference; includeInIndex = 1; lastKnownFileType = text.xcconfig; name = "Pods-SparkDronie.debug.xcconfig"; path = "Target Support Files/Pods-SparkDronie/Pods-SparkDronie.debug.xcconfig"; sourceTree = "<group>"; };
		DF18AF23C2D7536DDD219565 /* Pods-SparkDronie.release.xcconfig */ = {isa = PBXFileReference; includeInIndex = 1; lastKnownFileType = text.xcconfig; name = "Pods-SparkDronie.release.xcconfig"; path = "Target Support Files/Pods-SparkDronie/Pods-SparkDronie.release.xcconfig"; sourceTree = "<group>"; };
/* End PBXFileReference section */

/* Begin PBXFrameworksBuildPhase section */
		26732D0E22101BB200931D41 /* Frameworks */ = {
			isa = PBXFrameworksBuildPhase;
			buildActionMask = 2147483647;
			files = (
				266BBEBC221DC860004D8A3E /* GPUImage.framework in Frameworks */,
				549441B603C3EF9725C69DB1 /* Pods_SparkDronie.framework in Frameworks */,
			);
			runOnlyForDeploymentPostprocessing = 0;
		};
/* End PBXFrameworksBuildPhase section */

/* Begin PBXGroup section */
		266BBEAE221DC855004D8A3E /* Products */ = {
			isa = PBXGroup;
			children = (
				266BBEB5221DC855004D8A3E /* GPUImage.framework */,
				266BBEB7221DC855004D8A3E /* GPUImageTests_macOS.xctest */,
				266BBEB9221DC855004D8A3E /* GPUImage.framework */,
				266BBEBB221DC855004D8A3E /* GPUImageTests_iOS.xctest */,
			);
			name = Products;
			sourceTree = "<group>";
		};
		26732D0822101BB200931D41 = {
			isa = PBXGroup;
			children = (
				26732D1322101BB200931D41 /* SparkDronie */,
				26732D1222101BB200931D41 /* Products */,
				6AC6E2F5C98874951ABC07DE /* Pods */,
				F20A5DE50671273EEC350647 /* Frameworks */,
			);
			sourceTree = "<group>";
		};
		26732D1222101BB200931D41 /* Products */ = {
			isa = PBXGroup;
			children = (
				26732D1122101BB200931D41 /* SparkDronie.app */,
			);
			name = Products;
			sourceTree = "<group>";
		};
		26732D1322101BB200931D41 /* SparkDronie */ = {
			isa = PBXGroup;
			children = (
				26732D2822101E2E00931D41 /* Extensions */,
				26732D2B22101E2F00931D41 /* Managers */,
				26732D3022101E2F00931D41 /* Models */,
				268BFA4D22101EA900C98CC3 /* Parcours */,
				6763AC222212F34400FE7FF4 /* Tracking */,
				6763AC262213470F00FE7FF4 /* Views */,
				26732D1422101BB200931D41 /* AppDelegate.swift */,
				26732D1622101BB200931D41 /* ConnectionViewController.swift */,
				6763AC292213482200FE7FF4 /* CameraViewController.swift */,
				26918810221AB5E90038C2D3 /* EventViewController.swift */,
				26732D2622101DD000931D41 /* TestingViewController.swift */,
				26732D1822101BB200931D41 /* Main.storyboard */,
				26732D1B22101BB400931D41 /* Assets.xcassets */,
				26732D1D22101BB400931D41 /* LaunchScreen.storyboard */,
				26732D2022101BB400931D41 /* Info.plist */,
			);
			path = SparkDronie;
			sourceTree = "<group>";
		};
		26732D2822101E2E00931D41 /* Extensions */ = {
			isa = PBXGroup;
			children = (
				26732D2922101E2E00931D41 /* CGPoints+Extensions.swift */,
				26732D2A22101E2E00931D41 /* CGPath.swift */,
			);
			path = Extensions;
			sourceTree = "<group>";
		};
		26732D2B22101E2F00931D41 /* Managers */ = {
			isa = PBXGroup;
			children = (
				26732D2C22101E2F00931D41 /* DirectionSequence.swift */,
				26732D2D22101E2F00931D41 /* ProductCommunicationManager.swift */,
				26732D2E22101E2F00931D41 /* GimbalManager.swift */,
				26732D2F22101E2F00931D41 /* MovementManager.swift */,
				268BFA5222101F6700C98CC3 /* ParcoursManager.swift */,
				26581B64221189AB006F03CA /* SocketIOManager.swift */,
			);
			path = Managers;
			sourceTree = "<group>";
		};
		26732D3022101E2F00931D41 /* Models */ = {
			isa = PBXGroup;
			children = (
				26732D3122101E2F00931D41 /* Movement.swift */,
				26732D3222101E2F00931D41 /* GimbalDirection.swift */,
				26732D3322101E2F00931D41 /* Action.swift */,
				268BFA5022101F1600C98CC3 /* Parcours.swift */,
				26083DEE2211DA8300F182E0 /* DroneEvent.swift */,
				263BDBEA2214ADA6001F41FD /* DroneDetection.swift */,
				2631A6A0221E054800F1E049 /* Configuration.swift */,
			);
			path = Models;
			sourceTree = "<group>";
		};
		268BFA4D22101EA900C98CC3 /* Parcours */ = {
			isa = PBXGroup;
			children = (
				268BFA57221055CD00C98CC3 /* parcours1.json */,
				268BFA54221055CD00C98CC3 /* parcours2.json */,
				268BFA58221055CE00C98CC3 /* parcours3.json */,
				268BFA56221055CD00C98CC3 /* parcours4.json */,
				67338ECC221B3669002D6D9C /* parcours6.json */,
				268BFA55221055CD00C98CC3 /* parcours5.json */,
				67338ECE221B448C002D6D9C /* parcours7.json */,
				268BFA4E22101EBE00C98CC3 /* parcours.json */,
			);
			path = Parcours;
			sourceTree = "<group>";
		};
		6763AC222212F34400FE7FF4 /* Tracking */ = {
			isa = PBXGroup;
			children = (
				6763AC232212F36000FE7FF4 /* TrackerProcessor.swift */,
			);
			path = Tracking;
			sourceTree = "<group>";
		};
		6763AC262213470F00FE7FF4 /* Views */ = {
			isa = PBXGroup;
			children = (
				6763AC272213472E00FE7FF4 /* TrackingView.swift */,
			);
			path = Views;
			sourceTree = "<group>";
		};
		6AC6E2F5C98874951ABC07DE /* Pods */ = {
			isa = PBXGroup;
			children = (
				D751C40E1AAEF8A27DDD923C /* Pods-SparkDronie.debug.xcconfig */,
				DF18AF23C2D7536DDD219565 /* Pods-SparkDronie.release.xcconfig */,
				34E77EC946FEE54E1BA08028 /* Pods-SparkDronie.debug.xcconfig */,
				54E2ADD9C3A746082C93296A /* Pods-SparkDronie.release.xcconfig */,
			);
			path = Pods;
			sourceTree = "<group>";
		};
		F20A5DE50671273EEC350647 /* Frameworks */ = {
			isa = PBXGroup;
			children = (
				266BBEAD221DC855004D8A3E /* GPUImage.xcodeproj */,
				918C45A981104CBC23A764FB /* Pods_SparkDronie.framework */,
			);
			name = Frameworks;
			sourceTree = "<group>";
		};
/* End PBXGroup section */

/* Begin PBXNativeTarget section */
		26732D1022101BB200931D41 /* SparkDronie */ = {
			isa = PBXNativeTarget;
			buildConfigurationList = 26732D2322101BB400931D41 /* Build configuration list for PBXNativeTarget "SparkDronie" */;
			buildPhases = (
				AEC9AAB4A34CF1A276B1D199 /* [CP] Check Pods Manifest.lock */,
				26732D0D22101BB200931D41 /* Sources */,
				26732D0E22101BB200931D41 /* Frameworks */,
				26732D0F22101BB200931D41 /* Resources */,
				D4F57D4C880B67C5F8813882 /* [CP] Embed Pods Frameworks */,
				26F1DE85221DC3B500A931EE /* CopyFiles */,
			);
			buildRules = (
			);
			dependencies = (
				266BBEBF221DC86E004D8A3E /* PBXTargetDependency */,
			);
			name = SparkDronie;
			productName = SparkDronie;
			productReference = 26732D1122101BB200931D41 /* SparkDronie.app */;
			productType = "com.apple.product-type.application";
		};
/* End PBXNativeTarget section */

/* Begin PBXProject section */
		26732D0922101BB200931D41 /* Project object */ = {
			isa = PBXProject;
			attributes = {
				LastSwiftUpdateCheck = 1010;
				LastUpgradeCheck = 1010;
				ORGANIZATIONNAME = "Vincent Riva";
				TargetAttributes = {
					26732D1022101BB200931D41 = {
						CreatedOnToolsVersion = 10.1;
					};
				};
			};
			buildConfigurationList = 26732D0C22101BB200931D41 /* Build configuration list for PBXProject "SparkDronie" */;
			compatibilityVersion = "Xcode 9.3";
			developmentRegion = en;
			hasScannedForEncodings = 0;
			knownRegions = (
				en,
				Base,
			);
			mainGroup = 26732D0822101BB200931D41;
			productRefGroup = 26732D1222101BB200931D41 /* Products */;
			projectDirPath = "";
			projectReferences = (
				{
					ProductGroup = 266BBEAE221DC855004D8A3E /* Products */;
					ProjectRef = 266BBEAD221DC855004D8A3E /* GPUImage.xcodeproj */;
				},
			);
			projectRoot = "";
			targets = (
				26732D1022101BB200931D41 /* SparkDronie */,
			);
		};
/* End PBXProject section */

/* Begin PBXReferenceProxy section */
		266BBEB5221DC855004D8A3E /* GPUImage.framework */ = {
			isa = PBXReferenceProxy;
			fileType = wrapper.framework;
			path = GPUImage.framework;
			remoteRef = 266BBEB4221DC855004D8A3E /* PBXContainerItemProxy */;
			sourceTree = BUILT_PRODUCTS_DIR;
		};
		266BBEB7221DC855004D8A3E /* GPUImageTests_macOS.xctest */ = {
			isa = PBXReferenceProxy;
			fileType = wrapper.cfbundle;
			path = GPUImageTests_macOS.xctest;
			remoteRef = 266BBEB6221DC855004D8A3E /* PBXContainerItemProxy */;
			sourceTree = BUILT_PRODUCTS_DIR;
		};
		266BBEB9221DC855004D8A3E /* GPUImage.framework */ = {
			isa = PBXReferenceProxy;
			fileType = wrapper.framework;
			path = GPUImage.framework;
			remoteRef = 266BBEB8221DC855004D8A3E /* PBXContainerItemProxy */;
			sourceTree = BUILT_PRODUCTS_DIR;
		};
		266BBEBB221DC855004D8A3E /* GPUImageTests_iOS.xctest */ = {
			isa = PBXReferenceProxy;
			fileType = wrapper.cfbundle;
			path = GPUImageTests_iOS.xctest;
			remoteRef = 266BBEBA221DC855004D8A3E /* PBXContainerItemProxy */;
			sourceTree = BUILT_PRODUCTS_DIR;
		};
/* End PBXReferenceProxy section */

/* Begin PBXResourcesBuildPhase section */
		26732D0F22101BB200931D41 /* Resources */ = {
			isa = PBXResourcesBuildPhase;
			buildActionMask = 2147483647;
			files = (
				268BFA59221055CE00C98CC3 /* parcours2.json in Resources */,
				26732D1F22101BB400931D41 /* LaunchScreen.storyboard in Resources */,
				268BFA5B221055CE00C98CC3 /* parcours4.json in Resources */,
				268BFA5A221055CE00C98CC3 /* parcours5.json in Resources */,
				26732D1C22101BB400931D41 /* Assets.xcassets in Resources */,
				67338ECD221B3669002D6D9C /* parcours6.json in Resources */,
				268BFA4F22101EBE00C98CC3 /* parcours.json in Resources */,
				268BFA5D221055CE00C98CC3 /* parcours3.json in Resources */,
				67338ECF221B448C002D6D9C /* parcours7.json in Resources */,
				268BFA5C221055CE00C98CC3 /* parcours1.json in Resources */,
				26732D1A22101BB200931D41 /* Main.storyboard in Resources */,
			);
			runOnlyForDeploymentPostprocessing = 0;
		};
/* End PBXResourcesBuildPhase section */

/* Begin PBXShellScriptBuildPhase section */
		AEC9AAB4A34CF1A276B1D199 /* [CP] Check Pods Manifest.lock */ = {
			isa = PBXShellScriptBuildPhase;
			buildActionMask = 2147483647;
			files = (
			);
			inputPaths = (
				"${PODS_PODFILE_DIR_PATH}/Podfile.lock",
				"${PODS_ROOT}/Manifest.lock",
			);
			name = "[CP] Check Pods Manifest.lock";
			outputPaths = (
				"$(DERIVED_FILE_DIR)/Pods-SparkDronie-checkManifestLockResult.txt",
			);
			runOnlyForDeploymentPostprocessing = 0;
			shellPath = /bin/sh;
			shellScript = "diff \"${PODS_PODFILE_DIR_PATH}/Podfile.lock\" \"${PODS_ROOT}/Manifest.lock\" > /dev/null\nif [ $? != 0 ] ; then\n    # print error to STDERR\n    echo \"error: The sandbox is not in sync with the Podfile.lock. Run 'pod install' or update your CocoaPods installation.\" >&2\n    exit 1\nfi\n# This output is used by Xcode 'outputs' to avoid re-running this script phase.\necho \"SUCCESS\" > \"${SCRIPT_OUTPUT_FILE_0}\"\n";
			showEnvVarsInLog = 0;
		};
		D4F57D4C880B67C5F8813882 /* [CP] Embed Pods Frameworks */ = {
			isa = PBXShellScriptBuildPhase;
			buildActionMask = 2147483647;
			files = (
			);
			inputPaths = (
				"${PODS_ROOT}/Target Support Files/Pods-SparkDronie/Pods-SparkDronie-frameworks.sh",
				"${PODS_ROOT}/DJI-SDK-iOS/iOS_Mobile_SDK/DJISDK.framework",
				"${BUILT_PRODUCTS_DIR}/Socket.IO-Client-Swift/SocketIO.framework",
				"${BUILT_PRODUCTS_DIR}/Starscream/Starscream.framework",
			);
			name = "[CP] Embed Pods Frameworks";
			outputPaths = (
				"${TARGET_BUILD_DIR}/${FRAMEWORKS_FOLDER_PATH}/DJISDK.framework",
				"${TARGET_BUILD_DIR}/${FRAMEWORKS_FOLDER_PATH}/SocketIO.framework",
				"${TARGET_BUILD_DIR}/${FRAMEWORKS_FOLDER_PATH}/Starscream.framework",
			);
			runOnlyForDeploymentPostprocessing = 0;
			shellPath = /bin/sh;
			shellScript = "\"${PODS_ROOT}/Target Support Files/Pods-SparkDronie/Pods-SparkDronie-frameworks.sh\"\n";
			showEnvVarsInLog = 0;
		};
/* End PBXShellScriptBuildPhase section */

/* Begin PBXSourcesBuildPhase section */
		26732D0D22101BB200931D41 /* Sources */ = {
			isa = PBXSourcesBuildPhase;
			buildActionMask = 2147483647;
			files = (
				26732D3922101E2F00931D41 /* MovementManager.swift in Sources */,
				6763AC2A2213482200FE7FF4 /* CameraViewController.swift in Sources */,
				26732D3C22101E2F00931D41 /* Action.swift in Sources */,
				26732D2722101DD000931D41 /* TestingViewController.swift in Sources */,
				26732D1722101BB200931D41 /* ConnectionViewController.swift in Sources */,
				26732D3722101E2F00931D41 /* ProductCommunicationManager.swift in Sources */,
				6763AC282213472E00FE7FF4 /* TrackingView.swift in Sources */,
				26083DEF2211DA8300F182E0 /* DroneEvent.swift in Sources */,
				26918811221AB5E90038C2D3 /* EventViewController.swift in Sources */,
				6763AC242212F36000FE7FF4 /* TrackerProcessor.swift in Sources */,
				2631A6A1221E054800F1E049 /* Configuration.swift in Sources */,
				26732D3522101E2F00931D41 /* CGPath.swift in Sources */,
				263BDBEB2214ADA6001F41FD /* DroneDetection.swift in Sources */,
				268BFA5322101F6700C98CC3 /* ParcoursManager.swift in Sources */,
				26732D3422101E2F00931D41 /* CGPoints+Extensions.swift in Sources */,
				26732D3822101E2F00931D41 /* GimbalManager.swift in Sources */,
				26732D3622101E2F00931D41 /* DirectionSequence.swift in Sources */,
				26581B65221189AB006F03CA /* SocketIOManager.swift in Sources */,
				26732D3A22101E2F00931D41 /* Movement.swift in Sources */,
				26732D1522101BB200931D41 /* AppDelegate.swift in Sources */,
				268BFA5122101F1600C98CC3 /* Parcours.swift in Sources */,
				26732D3B22101E2F00931D41 /* GimbalDirection.swift in Sources */,
			);
			runOnlyForDeploymentPostprocessing = 0;
		};
/* End PBXSourcesBuildPhase section */

/* Begin PBXTargetDependency section */
		266BBEBF221DC86E004D8A3E /* PBXTargetDependency */ = {
			isa = PBXTargetDependency;
			name = GPUImage_iOS;
			targetProxy = 266BBEBE221DC86E004D8A3E /* PBXContainerItemProxy */;
		};
/* End PBXTargetDependency section */

/* Begin PBXVariantGroup section */
		26732D1822101BB200931D41 /* Main.storyboard */ = {
			isa = PBXVariantGroup;
			children = (
				26732D1922101BB200931D41 /* Base */,
			);
			name = Main.storyboard;
			sourceTree = "<group>";
		};
		26732D1D22101BB400931D41 /* LaunchScreen.storyboard */ = {
			isa = PBXVariantGroup;
			children = (
				26732D1E22101BB400931D41 /* Base */,
			);
			name = LaunchScreen.storyboard;
			sourceTree = "<group>";
		};
/* End PBXVariantGroup section */

/* Begin XCBuildConfiguration section */
		26732D2122101BB400931D41 /* Debug */ = {
			isa = XCBuildConfiguration;
			buildSettings = {
				ALWAYS_SEARCH_USER_PATHS = NO;
				CLANG_ANALYZER_NONNULL = YES;
				CLANG_ANALYZER_NUMBER_OBJECT_CONVERSION = YES_AGGRESSIVE;
				CLANG_CXX_LANGUAGE_STANDARD = "gnu++14";
				CLANG_CXX_LIBRARY = "libc++";
				CLANG_ENABLE_MODULES = YES;
				CLANG_ENABLE_OBJC_ARC = YES;
				CLANG_ENABLE_OBJC_WEAK = YES;
				CLANG_WARN_BLOCK_CAPTURE_AUTORELEASING = YES;
				CLANG_WARN_BOOL_CONVERSION = YES;
				CLANG_WARN_COMMA = YES;
				CLANG_WARN_CONSTANT_CONVERSION = YES;
				CLANG_WARN_DEPRECATED_OBJC_IMPLEMENTATIONS = YES;
				CLANG_WARN_DIRECT_OBJC_ISA_USAGE = YES_ERROR;
				CLANG_WARN_DOCUMENTATION_COMMENTS = YES;
				CLANG_WARN_EMPTY_BODY = YES;
				CLANG_WARN_ENUM_CONVERSION = YES;
				CLANG_WARN_INFINITE_RECURSION = YES;
				CLANG_WARN_INT_CONVERSION = YES;
				CLANG_WARN_NON_LITERAL_NULL_CONVERSION = YES;
				CLANG_WARN_OBJC_IMPLICIT_RETAIN_SELF = YES;
				CLANG_WARN_OBJC_LITERAL_CONVERSION = YES;
				CLANG_WARN_OBJC_ROOT_CLASS = YES_ERROR;
				CLANG_WARN_RANGE_LOOP_ANALYSIS = YES;
				CLANG_WARN_STRICT_PROTOTYPES = YES;
				CLANG_WARN_SUSPICIOUS_MOVE = YES;
				CLANG_WARN_UNGUARDED_AVAILABILITY = YES_AGGRESSIVE;
				CLANG_WARN_UNREACHABLE_CODE = YES;
				CLANG_WARN__DUPLICATE_METHOD_MATCH = YES;
				CODE_SIGN_IDENTITY = "iPhone Developer";
				COPY_PHASE_STRIP = NO;
				DEBUG_INFORMATION_FORMAT = dwarf;
				ENABLE_STRICT_OBJC_MSGSEND = YES;
				ENABLE_TESTABILITY = YES;
				GCC_C_LANGUAGE_STANDARD = gnu11;
				GCC_DYNAMIC_NO_PIC = NO;
				GCC_NO_COMMON_BLOCKS = YES;
				GCC_OPTIMIZATION_LEVEL = 0;
				GCC_PREPROCESSOR_DEFINITIONS = (
					"DEBUG=1",
					"$(inherited)",
				);
				GCC_WARN_64_TO_32_BIT_CONVERSION = YES;
				GCC_WARN_ABOUT_RETURN_TYPE = YES_ERROR;
				GCC_WARN_UNDECLARED_SELECTOR = YES;
				GCC_WARN_UNINITIALIZED_AUTOS = YES_AGGRESSIVE;
				GCC_WARN_UNUSED_FUNCTION = YES;
				GCC_WARN_UNUSED_VARIABLE = YES;
				IPHONEOS_DEPLOYMENT_TARGET = 12.1;
				MTL_ENABLE_DEBUG_INFO = INCLUDE_SOURCE;
				MTL_FAST_MATH = YES;
				ONLY_ACTIVE_ARCH = YES;
				SDKROOT = iphoneos;
				SWIFT_ACTIVE_COMPILATION_CONDITIONS = DEBUG;
				SWIFT_OPTIMIZATION_LEVEL = "-Onone";
			};
			name = Debug;
		};
		26732D2222101BB400931D41 /* Release */ = {
			isa = XCBuildConfiguration;
			buildSettings = {
				ALWAYS_SEARCH_USER_PATHS = NO;
				CLANG_ANALYZER_NONNULL = YES;
				CLANG_ANALYZER_NUMBER_OBJECT_CONVERSION = YES_AGGRESSIVE;
				CLANG_CXX_LANGUAGE_STANDARD = "gnu++14";
				CLANG_CXX_LIBRARY = "libc++";
				CLANG_ENABLE_MODULES = YES;
				CLANG_ENABLE_OBJC_ARC = YES;
				CLANG_ENABLE_OBJC_WEAK = YES;
				CLANG_WARN_BLOCK_CAPTURE_AUTORELEASING = YES;
				CLANG_WARN_BOOL_CONVERSION = YES;
				CLANG_WARN_COMMA = YES;
				CLANG_WARN_CONSTANT_CONVERSION = YES;
				CLANG_WARN_DEPRECATED_OBJC_IMPLEMENTATIONS = YES;
				CLANG_WARN_DIRECT_OBJC_ISA_USAGE = YES_ERROR;
				CLANG_WARN_DOCUMENTATION_COMMENTS = YES;
				CLANG_WARN_EMPTY_BODY = YES;
				CLANG_WARN_ENUM_CONVERSION = YES;
				CLANG_WARN_INFINITE_RECURSION = YES;
				CLANG_WARN_INT_CONVERSION = YES;
				CLANG_WARN_NON_LITERAL_NULL_CONVERSION = YES;
				CLANG_WARN_OBJC_IMPLICIT_RETAIN_SELF = YES;
				CLANG_WARN_OBJC_LITERAL_CONVERSION = YES;
				CLANG_WARN_OBJC_ROOT_CLASS = YES_ERROR;
				CLANG_WARN_RANGE_LOOP_ANALYSIS = YES;
				CLANG_WARN_STRICT_PROTOTYPES = YES;
				CLANG_WARN_SUSPICIOUS_MOVE = YES;
				CLANG_WARN_UNGUARDED_AVAILABILITY = YES_AGGRESSIVE;
				CLANG_WARN_UNREACHABLE_CODE = YES;
				CLANG_WARN__DUPLICATE_METHOD_MATCH = YES;
				CODE_SIGN_IDENTITY = "iPhone Developer";
				COPY_PHASE_STRIP = NO;
				DEBUG_INFORMATION_FORMAT = "dwarf-with-dsym";
				ENABLE_NS_ASSERTIONS = NO;
				ENABLE_STRICT_OBJC_MSGSEND = YES;
				GCC_C_LANGUAGE_STANDARD = gnu11;
				GCC_NO_COMMON_BLOCKS = YES;
				GCC_WARN_64_TO_32_BIT_CONVERSION = YES;
				GCC_WARN_ABOUT_RETURN_TYPE = YES_ERROR;
				GCC_WARN_UNDECLARED_SELECTOR = YES;
				GCC_WARN_UNINITIALIZED_AUTOS = YES_AGGRESSIVE;
				GCC_WARN_UNUSED_FUNCTION = YES;
				GCC_WARN_UNUSED_VARIABLE = YES;
				IPHONEOS_DEPLOYMENT_TARGET = 12.1;
				MTL_ENABLE_DEBUG_INFO = NO;
				MTL_FAST_MATH = YES;
				SDKROOT = iphoneos;
				SWIFT_COMPILATION_MODE = wholemodule;
				SWIFT_OPTIMIZATION_LEVEL = "-O";
				VALIDATE_PRODUCT = YES;
			};
			name = Release;
		};
		26732D2422101BB400931D41 /* Debug */ = {
			isa = XCBuildConfiguration;
			baseConfigurationReference = D751C40E1AAEF8A27DDD923C /* Pods-SparkDronie.debug.xcconfig */;
			buildSettings = {
				ASSETCATALOG_COMPILER_APPICON_NAME = AppIcon;
				CODE_SIGN_STYLE = Automatic;
				DEVELOPMENT_TEAM = 54PCF2T5ZE;
				ENABLE_BITCODE = NO;
				INFOPLIST_FILE = SparkDronie/Info.plist;
				LD_RUNPATH_SEARCH_PATHS = (
					"$(inherited)",
					"@executable_path/Frameworks",
				);
				PRODUCT_BUNDLE_IDENTIFIER = fr.vincentriva.SparkDronie;
				PRODUCT_NAME = "$(TARGET_NAME)";
				SWIFT_VERSION = 4.2;
				TARGETED_DEVICE_FAMILY = "1,2";
			};
			name = Debug;
		};
		26732D2522101BB400931D41 /* Release */ = {
			isa = XCBuildConfiguration;
			baseConfigurationReference = DF18AF23C2D7536DDD219565 /* Pods-SparkDronie.release.xcconfig */;
			buildSettings = {
				ASSETCATALOG_COMPILER_APPICON_NAME = AppIcon;
				CODE_SIGN_STYLE = Automatic;
				DEVELOPMENT_TEAM = 54PCF2T5ZE;
				ENABLE_BITCODE = NO;
				INFOPLIST_FILE = SparkDronie/Info.plist;
				LD_RUNPATH_SEARCH_PATHS = (
					"$(inherited)",
					"@executable_path/Frameworks",
				);
				PRODUCT_BUNDLE_IDENTIFIER = fr.vincentriva.SparkDronie;
				PRODUCT_NAME = "$(TARGET_NAME)";
				SWIFT_VERSION = 4.2;
				TARGETED_DEVICE_FAMILY = "1,2";
			};
			name = Release;
		};
/* End XCBuildConfiguration section */

/* Begin XCConfigurationList section */
		26732D0C22101BB200931D41 /* Build configuration list for PBXProject "SparkDronie" */ = {
			isa = XCConfigurationList;
			buildConfigurations = (
				26732D2122101BB400931D41 /* Debug */,
				26732D2222101BB400931D41 /* Release */,
			);
			defaultConfigurationIsVisible = 0;
			defaultConfigurationName = Release;
		};
		26732D2322101BB400931D41 /* Build configuration list for PBXNativeTarget "SparkDronie" */ = {
			isa = XCConfigurationList;
			buildConfigurations = (
				26732D2422101BB400931D41 /* Debug */,
				26732D2522101BB400931D41 /* Release */,
			);
			defaultConfigurationIsVisible = 0;
			defaultConfigurationName = Release;
		};
/* End XCConfigurationList section */
	};
	rootObject = 26732D0922101BB200931D41 /* Project object */;
}
